// !$*UTF8*$!
{
	archiveVersion = 1;
	classes = {
	};
	objectVersion = 56;
	objects = {

/* Begin PBXBuildFile section */
		165F4A503654D4D658496092 /* DiskSpeedTestViewModel.swift in Sources */ = {isa = PBXBuildFile; fileRef = 2E397EFF83B61C190F176718 /* DiskSpeedTestViewModel.swift */; };
		17B311E3201E7708366CA969 /* DiskSpeedDetailView.swift in Sources */ = {isa = PBXBuildFile; fileRef = 75127E4BF870A73A4479E704 /* DiskSpeedDetailView.swift */; };
		1AF611E026DEEB5E77E761CC /* UpdateUI.swift in Sources */ = {isa = PBXBuildFile; fileRef = B16F1E9CAB86BADDB15A3A82 /* UpdateUI.swift */; };
		544A8D2C30373D157EFF7EF5 /* SystemMonitorView.swift in Sources */ = {isa = PBXBuildFile; fileRef = FD50A09EF00AF7EB9F6DE15A /* SystemMonitorView.swift */; };
		6ED7563DF3364AB35D8BC6DA /* DashboardView.swift in Sources */ = {isa = PBXBuildFile; fileRef = AF6CE45F3A1B1A576C637DD2 /* DashboardView.swift */; };
		71398B82E70D36050E333C65 /* Color+Hex.swift in Sources */ = {isa = PBXBuildFile; fileRef = 0BFB34F648ECF870EC351BBC /* Color+Hex.swift */; };
		74A2E1C50D2832291AE85538 /* ToolDetailHost.swift in Sources */ = {isa = PBXBuildFile; fileRef = 0B3A7BDD7592FF1FAFB35FA4 /* ToolDetailHost.swift */; };
		76FF3B46BBD278BB05EFA758 /* Battery.swift in Sources */ = {isa = PBXBuildFile; fileRef = E5E3E9F0FAC75F6F77B9B9A6 /* Battery.swift */; };
		7AFB5EF8712829B3DB203430 /* OpenDiskTestApp.swift in Sources */ = {isa = PBXBuildFile; fileRef = CD1FF190C1EA278DF8453509 /* OpenDiskTestApp.swift */; };
		83113CE36D7C931CB46FFB6B /* ToolKind.swift in Sources */ = {isa = PBXBuildFile; fileRef = BDBEB48BEF290063A1150BE8 /* ToolKind.swift */; };
		9078F19C2D2C19860E356FCE /* SystemSnapshot.swift in Sources */ = {isa = PBXBuildFile; fileRef = A325A5151A1D449F2EFE63D9 /* SystemSnapshot.swift */; };
		AA00000200000000AABBCC02 /* BuildInfo.swift in Sources */ = {isa = PBXBuildFile; fileRef = AA00000400000000AABBCC04 /* BuildInfo.swift */; };
		BDF4AC5DB17694376100C675 /* UpdateChecker.swift in Sources */ = {isa = PBXBuildFile; fileRef = E0FE769877FE67ABD629E294 /* UpdateChecker.swift */; };
		DB6DFF4C5C8C1867BA992504 /* SuiteCard.swift in Sources */ = {isa = PBXBuildFile; fileRef = AFB6B717229EAA536778A5F1 /* SuiteCard.swift */; };
		F720D202C334196346B86F6E /* SystemMonitorViewModel.swift in Sources */ = {isa = PBXBuildFile; fileRef = 5345B9F12280DF31E91A6C20 /* SystemMonitorViewModel.swift */; };
		F861DD2EA52DC97EAB1805D6 /* SuiteModel.swift in Sources */ = {isa = PBXBuildFile; fileRef = 75D0FCE8A83344670CF2A354 /* SuiteModel.swift */; };
		FC16EB2EA947044E843E3BA4 /* Theme.swift in Sources */ = {isa = PBXBuildFile; fileRef = CA3F492F123CC08F94BBB972 /* Theme.swift */; };
		FE1F6DE72C8FBF0300848175 /* Assets.xcassets in Resources */ = {isa = PBXBuildFile; fileRef = FE1F6DE62C8FBF0300848175 /* Assets.xcassets */; };
		FE1F6DEA2C8FBF0300848175 /* Preview Assets.xcassets in Resources */ = {isa = PBXBuildFile; fileRef = FE1F6DE92C8FBF0300848175 /* Preview Assets.xcassets */; };
		FE1F6DF52C8FBF0400848175 /* OpenDiskTestTests.swift in Sources */ = {isa = PBXBuildFile; fileRef = FE1F6DF42C8FBF0400848175 /* OpenDiskTestTests.swift */; };
		FE1F6DFF2C8FBF0400848175 /* OpenDiskTestUITests.swift in Sources */ = {isa = PBXBuildFile; fileRef = FE1F6DFE2C8FBF0400848175 /* OpenDiskTestUITests.swift */; };
		FE1F6E012C8FBF0400848175 /* OpenDiskTestUITestsLaunchTests.swift in Sources */ = {isa = PBXBuildFile; fileRef = FE1F6E002C8FBF0400848175 /* OpenDiskTestUITestsLaunchTests.swift */; };
/* End PBXBuildFile section */

/* Begin PBXContainerItemProxy section */
		FE1F6DF12C8FBF0300848175 /* PBXContainerItemProxy */ = {
			isa = PBXContainerItemProxy;
			containerPortal = FE1F6DD72C8FBF0200848175 /* Project object */;
			proxyType = 1;
			remoteGlobalIDString = FE1F6DDE2C8FBF0200848175;
			remoteInfo = OpenDiskTest;
		};
		FE1F6DFB2C8FBF0400848175 /* PBXContainerItemProxy */ = {
			isa = PBXContainerItemProxy;
			containerPortal = FE1F6DD72C8FBF0200848175 /* Project object */;
			proxyType = 1;
			remoteGlobalIDString = FE1F6DDE2C8FBF0200848175;
			remoteInfo = OpenDiskTest;
		};
/* End PBXContainerItemProxy section */

/* Begin PBXFileReference section */
		0B3A7BDD7592FF1FAFB35FA4 /* ToolDetailHost.swift */ = {isa = PBXFileReference; includeInIndex = 1; lastKnownFileType = sourcecode.swift; path = ToolDetailHost.swift; sourceTree = "<group>"; };
		0BFB34F648ECF870EC351BBC /* Color+Hex.swift */ = {isa = PBXFileReference; includeInIndex = 1; lastKnownFileType = sourcecode.swift; path = "Color+Hex.swift"; sourceTree = "<group>"; };
		2E397EFF83B61C190F176718 /* DiskSpeedTestViewModel.swift */ = {isa = PBXFileReference; includeInIndex = 1; lastKnownFileType = sourcecode.swift; path = DiskSpeedTestViewModel.swift; sourceTree = "<group>"; };
		5345B9F12280DF31E91A6C20 /* SystemMonitorViewModel.swift */ = {isa = PBXFileReference; includeInIndex = 1; lastKnownFileType = sourcecode.swift; path = SystemMonitorViewModel.swift; sourceTree = "<group>"; };
		75127E4BF870A73A4479E704 /* DiskSpeedDetailView.swift */ = {isa = PBXFileReference; includeInIndex = 1; lastKnownFileType = sourcecode.swift; path = DiskSpeedDetailView.swift; sourceTree = "<group>"; };
		75D0FCE8A83344670CF2A354 /* SuiteModel.swift */ = {isa = PBXFileReference; includeInIndex = 1; lastKnownFileType = sourcecode.swift; path = SuiteModel.swift; sourceTree = "<group>"; };
		A325A5151A1D449F2EFE63D9 /* SystemSnapshot.swift */ = {isa = PBXFileReference; includeInIndex = 1; lastKnownFileType = sourcecode.swift; path = SystemSnapshot.swift; sourceTree = "<group>"; };
		AA00000400000000AABBCC04 /* BuildInfo.swift */ = {isa = PBXFileReference; lastKnownFileType = sourcecode.swift; path = BuildInfo.swift; sourceTree = "<group>"; };
		AF6CE45F3A1B1A576C637DD2 /* DashboardView.swift */ = {isa = PBXFileReference; includeInIndex = 1; lastKnownFileType = sourcecode.swift; path = DashboardView.swift; sourceTree = "<group>"; };
		AFB6B717229EAA536778A5F1 /* SuiteCard.swift */ = {isa = PBXFileReference; includeInIndex = 1; lastKnownFileType = sourcecode.swift; path = SuiteCard.swift; sourceTree = "<group>"; };
		B16F1E9CAB86BADDB15A3A82 /* UpdateUI.swift */ = {isa = PBXFileReference; includeInIndex = 1; lastKnownFileType = sourcecode.swift; path = UpdateUI.swift; sourceTree = "<group>"; };
		BDBEB48BEF290063A1150BE8 /* ToolKind.swift */ = {isa = PBXFileReference; includeInIndex = 1; lastKnownFileType = sourcecode.swift; path = ToolKind.swift; sourceTree = "<group>"; };
		CA3F492F123CC08F94BBB972 /* Theme.swift */ = {isa = PBXFileReference; includeInIndex = 1; lastKnownFileType = sourcecode.swift; path = Theme.swift; sourceTree = "<group>"; };
		CD1FF190C1EA278DF8453509 /* OpenDiskTestApp.swift */ = {isa = PBXFileReference; includeInIndex = 1; lastKnownFileType = sourcecode.swift; path = OpenDiskTestApp.swift; sourceTree = "<group>"; };
		E0FE769877FE67ABD629E294 /* UpdateChecker.swift */ = {isa = PBXFileReference; includeInIndex = 1; lastKnownFileType = sourcecode.swift; path = UpdateChecker.swift; sourceTree = "<group>"; };
		E5E3E9F0FAC75F6F77B9B9A6 /* Battery.swift */ = {isa = PBXFileReference; includeInIndex = 1; lastKnownFileType = sourcecode.swift; path = Battery.swift; sourceTree = "<group>"; };
		FD50A09EF00AF7EB9F6DE15A /* SystemMonitorView.swift */ = {isa = PBXFileReference; includeInIndex = 1; lastKnownFileType = sourcecode.swift; path = SystemMonitorView.swift; sourceTree = "<group>"; };
		FE1F6DDF2C8FBF0200848175 /* OpenDiskTest.app */ = {isa = PBXFileReference; explicitFileType = wrapper.application; includeInIndex = 0; path = OpenDiskTest.app; sourceTree = BUILT_PRODUCTS_DIR; };
		FE1F6DE62C8FBF0300848175 /* Assets.xcassets */ = {isa = PBXFileReference; lastKnownFileType = folder.assetcatalog; path = Assets.xcassets; sourceTree = "<group>"; };
		FE1F6DE92C8FBF0300848175 /* Preview Assets.xcassets */ = {isa = PBXFileReference; lastKnownFileType = folder.assetcatalog; path = "Preview Assets.xcassets"; sourceTree = "<group>"; };
		FE1F6DEB2C8FBF0300848175 /* OpenDiskTest.entitlements */ = {isa = PBXFileReference; lastKnownFileType = text.plist.entitlements; path = OpenDiskTest.entitlements; sourceTree = "<group>"; };
		FE1F6DF02C8FBF0300848175 /* OpenDiskTestTests.xctest */ = {isa = PBXFileReference; explicitFileType = wrapper.cfbundle; includeInIndex = 0; path = OpenDiskTestTests.xctest; sourceTree = BUILT_PRODUCTS_DIR; };
		FE1F6DF42C8FBF0400848175 /* OpenDiskTestTests.swift */ = {isa = PBXFileReference; lastKnownFileType = sourcecode.swift; path = OpenDiskTestTests.swift; sourceTree = "<group>"; };
		FE1F6DFA2C8FBF0400848175 /* OpenDiskTestUITests.xctest */ = {isa = PBXFileReference; explicitFileType = wrapper.cfbundle; includeInIndex = 0; path = OpenDiskTestUITests.xctest; sourceTree = BUILT_PRODUCTS_DIR; };
		FE1F6DFE2C8FBF0400848175 /* OpenDiskTestUITests.swift */ = {isa = PBXFileReference; lastKnownFileType = sourcecode.swift; path = OpenDiskTestUITests.swift; sourceTree = "<group>"; };
		FE1F6E002C8FBF0400848175 /* OpenDiskTestUITestsLaunchTests.swift */ = {isa = PBXFileReference; lastKnownFileType = sourcecode.swift; path = OpenDiskTestUITestsLaunchTests.swift; sourceTree = "<group>"; };
		FEB902192C929D4300A2A134 /* Info.plist */ = {isa = PBXFileReference; lastKnownFileType = text.plist; path = Info.plist; sourceTree = "<group>"; };
/* End PBXFileReference section */

/* Begin PBXFrameworksBuildPhase section */
		FE1F6DDC2C8FBF0200848175 /* Frameworks */ = {
			isa = PBXFrameworksBuildPhase;
			buildActionMask = 2147483647;
			files = (
			);
			runOnlyForDeploymentPostprocessing = 0;
		};
		FE1F6DED2C8FBF0300848175 /* Frameworks */ = {
			isa = PBXFrameworksBuildPhase;
			buildActionMask = 2147483647;
			files = (
			);
			runOnlyForDeploymentPostprocessing = 0;
		};
		FE1F6DF72C8FBF0400848175 /* Frameworks */ = {
			isa = PBXFrameworksBuildPhase;
			buildActionMask = 2147483647;
			files = (
			);
			runOnlyForDeploymentPostprocessing = 0;
		};
/* End PBXFrameworksBuildPhase section */

/* Begin PBXGroup section */
		1914B1B7AE0562944670210C /* Shared */ = {
			isa = PBXGroup;
			children = (
				2B293526B0A52AC1DB2D4CEA /* Sensors */,
			);
			name = Shared;
			path = Shared;
			sourceTree = "<group>";
		};
		2489C2D18B91FD43115697B1 /* DiskSpeed */ = {
			isa = PBXGroup;
			children = (
				75127E4BF870A73A4479E704 /* DiskSpeedDetailView.swift */,
				2E397EFF83B61C190F176718 /* DiskSpeedTestViewModel.swift */,
			);
			name = DiskSpeed;
			path = DiskSpeed;
			sourceTree = "<group>";
		};
		2B293526B0A52AC1DB2D4CEA /* Sensors */ = {
			isa = PBXGroup;
			children = (
				A325A5151A1D449F2EFE63D9 /* SystemSnapshot.swift */,
				E5E3E9F0FAC75F6F77B9B9A6 /* Battery.swift */,
			);
			name = Sensors;
			path = Sensors;
			sourceTree = "<group>";
		};
		2BFB950DFA7B2B8CFA06C00E /* DesignSystem */ = {
			isa = PBXGroup;
			children = (
				AFB6B717229EAA536778A5F1 /* SuiteCard.swift */,
				B16F1E9CAB86BADDB15A3A82 /* UpdateUI.swift */,
			);
			name = DesignSystem;
			path = DesignSystem;
			sourceTree = "<group>";
		};
		318507FFB93D43B61C2318EB /* Core */ = {
			isa = PBXGroup;
			children = (
				0BFB34F648ECF870EC351BBC /* Color+Hex.swift */,
				CA3F492F123CC08F94BBB972 /* Theme.swift */,
				E0FE769877FE67ABD629E294 /* UpdateChecker.swift */,
				2BFB950DFA7B2B8CFA06C00E /* DesignSystem */,
			);
			name = Core;
			path = Core;
			sourceTree = "<group>";
		};
		3AAFAFC149CC452E8161A4A5 /* SystemMonitor */ = {
			isa = PBXGroup;
			children = (
				5345B9F12280DF31E91A6C20 /* SystemMonitorViewModel.swift */,
				FD50A09EF00AF7EB9F6DE15A /* SystemMonitorView.swift */,
			);
			name = SystemMonitor;
			path = SystemMonitor;
			sourceTree = "<group>";
		};
		5184105F838D5354101FA8CF /* App */ = {
			isa = PBXGroup;
			children = (
				CD1FF190C1EA278DF8453509 /* OpenDiskTestApp.swift */,
				75D0FCE8A83344670CF2A354 /* SuiteModel.swift */,
				AF6CE45F3A1B1A576C637DD2 /* DashboardView.swift */,
				0B3A7BDD7592FF1FAFB35FA4 /* ToolDetailHost.swift */,
			);
			name = App;
			path = App;
			sourceTree = "<group>";
		};
		E29CF67E1738E6493ECF7FA3 /* Tools */ = {
			isa = PBXGroup;
			children = (
				2489C2D18B91FD43115697B1 /* DiskSpeed */,
				BDBEB48BEF290063A1150BE8 /* ToolKind.swift */,
				3AAFAFC149CC452E8161A4A5 /* SystemMonitor */,
			);
			name = Tools;
			path = Tools;
			sourceTree = "<group>";
		};
		FE1F6DD62C8FBF0200848175 = {
			isa = PBXGroup;
			children = (
				FE1F6DE12C8FBF0200848175 /* OpenDiskTest */,
				FE1F6DF32C8FBF0300848175 /* OpenDiskTestTests */,
				FE1F6DFD2C8FBF0400848175 /* OpenDiskTestUITests */,
				FE1F6DE02C8FBF0200848175 /* Products */,
			);
			sourceTree = "<group>";
		};
		FE1F6DE02C8FBF0200848175 /* Products */ = {
			isa = PBXGroup;
			children = (
				FE1F6DDF2C8FBF0200848175 /* OpenDiskTest.app */,
				FE1F6DF02C8FBF0300848175 /* OpenDiskTestTests.xctest */,
				FE1F6DFA2C8FBF0400848175 /* OpenDiskTestUITests.xctest */,
			);
			name = Products;
			sourceTree = "<group>";
		};
		FE1F6DE12C8FBF0200848175 /* OpenDiskTest */ = {
			isa = PBXGroup;
			children = (
				FEB902192C929D4300A2A134 /* Info.plist */,
				AA00000400000000AABBCC04 /* BuildInfo.swift */,
				FE1F6DE62C8FBF0300848175 /* Assets.xcassets */,
				FE1F6DEB2C8FBF0300848175 /* OpenDiskTest.entitlements */,
				FE1F6DE82C8FBF0300848175 /* Preview Content */,
				318507FFB93D43B61C2318EB /* Core */,
				5184105F838D5354101FA8CF /* App */,
				E29CF67E1738E6493ECF7FA3 /* Tools */,
				1914B1B7AE0562944670210C /* Shared */,
			);
			path = OpenDiskTest;
			sourceTree = "<group>";
		};
		FE1F6DE82C8FBF0300848175 /* Preview Content */ = {
			isa = PBXGroup;
			children = (
				FE1F6DE92C8FBF0300848175 /* Preview Assets.xcassets */,
			);
			path = "Preview Content";
			sourceTree = "<group>";
		};
		FE1F6DF32C8FBF0300848175 /* OpenDiskTestTests */ = {
			isa = PBXGroup;
			children = (
				FE1F6DF42C8FBF0400848175 /* OpenDiskTestTests.swift */,
			);
			path = OpenDiskTestTests;
			sourceTree = "<group>";
		};
		FE1F6DFD2C8FBF0400848175 /* OpenDiskTestUITests */ = {
			isa = PBXGroup;
			children = (
				FE1F6DFE2C8FBF0400848175 /* OpenDiskTestUITests.swift */,
				FE1F6E002C8FBF0400848175 /* OpenDiskTestUITestsLaunchTests.swift */,
			);
			path = OpenDiskTestUITests;
			sourceTree = "<group>";
		};
/* End PBXGroup section */

/* Begin PBXNativeTarget section */
		FE1F6DDE2C8FBF0200848175 /* OpenDiskTest */ = {
			isa = PBXNativeTarget;
			buildConfigurationList = FE1F6E042C8FBF0400848175 /* Build configuration list for PBXNativeTarget "OpenDiskTest" */;
			buildPhases = (
				AA00000500000000AABBCC05 /* Generate BuildInfo */,
				FE1F6DDB2C8FBF0200848175 /* Sources */,
				FE1F6DDC2C8FBF0200848175 /* Frameworks */,
				FE1F6DDD2C8FBF0200848175 /* Resources */,
			);
			buildRules = (
			);
			dependencies = (
			);
			name = OpenDiskTest;
			productName = OpenDiskTest;
			productReference = FE1F6DDF2C8FBF0200848175 /* OpenDiskTest.app */;
			productType = "com.apple.product-type.application";
		};
		FE1F6DEF2C8FBF0300848175 /* OpenDiskTestTests */ = {
			isa = PBXNativeTarget;
			buildConfigurationList = FE1F6E072C8FBF0400848175 /* Build configuration list for PBXNativeTarget "OpenDiskTestTests" */;
			buildPhases = (
				FE1F6DEC2C8FBF0300848175 /* Sources */,
				FE1F6DED2C8FBF0300848175 /* Frameworks */,
				FE1F6DEE2C8FBF0300848175 /* Resources */,
			);
			buildRules = (
			);
			dependencies = (
				FE1F6DF22C8FBF0300848175 /* PBXTargetDependency */,
			);
			name = OpenDiskTestTests;
			productName = OpenDiskTestTests;
			productReference = FE1F6DF02C8FBF0300848175 /* OpenDiskTestTests.xctest */;
			productType = "com.apple.product-type.bundle.unit-test";
		};
		FE1F6DF92C8FBF0400848175 /* OpenDiskTestUITests */ = {
			isa = PBXNativeTarget;
			buildConfigurationList = FE1F6E0A2C8FBF0400848175 /* Build configuration list for PBXNativeTarget "OpenDiskTestUITests" */;
			buildPhases = (
				FE1F6DF62C8FBF0400848175 /* Sources */,
				FE1F6DF72C8FBF0400848175 /* Frameworks */,
				FE1F6DF82C8FBF0400848175 /* Resources */,
			);
			buildRules = (
			);
			dependencies = (
				FE1F6DFC2C8FBF0400848175 /* PBXTargetDependency */,
			);
			name = OpenDiskTestUITests;
			productName = OpenDiskTestUITests;
			productReference = FE1F6DFA2C8FBF0400848175 /* OpenDiskTestUITests.xctest */;
			productType = "com.apple.product-type.bundle.ui-testing";
		};
/* End PBXNativeTarget section */

/* Begin PBXProject section */
		FE1F6DD72C8FBF0200848175 /* Project object */ = {
			isa = PBXProject;
			attributes = {
				BuildIndependentTargetsInParallel = 1;
				LastSwiftUpdateCheck = 1540;
				LastUpgradeCheck = 1540;
				TargetAttributes = {
					FE1F6DDE2C8FBF0200848175 = {
						CreatedOnToolsVersion = 15.4;
					};
					FE1F6DEF2C8FBF0300848175 = {
						CreatedOnToolsVersion = 15.4;
						TestTargetID = FE1F6DDE2C8FBF0200848175;
					};
					FE1F6DF92C8FBF0400848175 = {
						CreatedOnToolsVersion = 15.4;
						TestTargetID = FE1F6DDE2C8FBF0200848175;
					};
				};
			};
			buildConfigurationList = FE1F6DDA2C8FBF0200848175 /* Build configuration list for PBXProject "OpenDiskTest" */;
			compatibilityVersion = "Xcode 14.0";
			developmentRegion = en;
			hasScannedForEncodings = 0;
			knownRegions = (
				en,
				Base,
			);
			mainGroup = FE1F6DD62C8FBF0200848175;
			productRefGroup = FE1F6DE02C8FBF0200848175 /* Products */;
			projectDirPath = "";
			projectRoot = "";
			targets = (
				FE1F6DDE2C8FBF0200848175 /* OpenDiskTest */,
				FE1F6DEF2C8FBF0300848175 /* OpenDiskTestTests */,
				FE1F6DF92C8FBF0400848175 /* OpenDiskTestUITests */,
			);
		};
/* End PBXProject section */

/* Begin PBXResourcesBuildPhase section */
		FE1F6DDD2C8FBF0200848175 /* Resources */ = {
			isa = PBXResourcesBuildPhase;
			buildActionMask = 2147483647;
			files = (
				FE1F6DEA2C8FBF0300848175 /* Preview Assets.xcassets in Resources */,
				FE1F6DE72C8FBF0300848175 /* Assets.xcassets in Resources */,
			);
			runOnlyForDeploymentPostprocessing = 0;
		};
		FE1F6DEE2C8FBF0300848175 /* Resources */ = {
			isa = PBXResourcesBuildPhase;
			buildActionMask = 2147483647;
			files = (
			);
			runOnlyForDeploymentPostprocessing = 0;
		};
		FE1F6DF82C8FBF0400848175 /* Resources */ = {
			isa = PBXResourcesBuildPhase;
			buildActionMask = 2147483647;
			files = (
			);
			runOnlyForDeploymentPostprocessing = 0;
		};
/* End PBXResourcesBuildPhase section */

/* Begin PBXShellScriptBuildPhase section */
		AA00000500000000AABBCC05 /* Generate BuildInfo */ = {
			isa = PBXShellScriptBuildPhase;
			buildActionMask = 2147483647;
			files = (
			);
			inputFileListPaths = (
			);
			inputPaths = (
			);
			name = "Generate BuildInfo";
			outputFileListPaths = (
			);
			outputPaths = (
				"$(SRCROOT)/OpenDiskTest/BuildInfo.swift",
			);
			runOnlyForDeploymentPostprocessing = 0;
			shellPath = /bin/sh;
			shellScript = "echo \"enum BuildInfo { static let commitSHA = \\\"$(git rev-parse HEAD)\\\" }\" > ${SRCROOT}/OpenDiskTest/BuildInfo.swift\n";
		};
/* End PBXShellScriptBuildPhase section */

/* Begin PBXSourcesBuildPhase section */
		FE1F6DDB2C8FBF0200848175 /* Sources */ = {
			isa = PBXSourcesBuildPhase;
			buildActionMask = 2147483647;
			files = (
				AA00000200000000AABBCC02 /* BuildInfo.swift in Sources */,
				71398B82E70D36050E333C65 /* Color+Hex.swift in Sources */,
				FC16EB2EA947044E843E3BA4 /* Theme.swift in Sources */,
				BDF4AC5DB17694376100C675 /* UpdateChecker.swift in Sources */,
				7AFB5EF8712829B3DB203430 /* OpenDiskTestApp.swift in Sources */,
				17B311E3201E7708366CA969 /* DiskSpeedDetailView.swift in Sources */,
				165F4A503654D4D658496092 /* DiskSpeedTestViewModel.swift in Sources */,
				83113CE36D7C931CB46FFB6B /* ToolKind.swift in Sources */,
				F861DD2EA52DC97EAB1805D6 /* SuiteModel.swift in Sources */,
				6ED7563DF3364AB35D8BC6DA /* DashboardView.swift in Sources */,
				74A2E1C50D2832291AE85538 /* ToolDetailHost.swift in Sources */,
				DB6DFF4C5C8C1867BA992504 /* SuiteCard.swift in Sources */,
				1AF611E026DEEB5E77E761CC /* UpdateUI.swift in Sources */,
				9078F19C2D2C19860E356FCE /* SystemSnapshot.swift in Sources */,
				76FF3B46BBD278BB05EFA758 /* Battery.swift in Sources */,
				F720D202C334196346B86F6E /* SystemMonitorViewModel.swift in Sources */,
				544A8D2C30373D157EFF7EF5 /* SystemMonitorView.swift in Sources */,
			);
			runOnlyForDeploymentPostprocessing = 0;
		};
		FE1F6DEC2C8FBF0300848175 /* Sources */ = {
			isa = PBXSourcesBuildPhase;
			buildActionMask = 2147483647;
			files = (
				FE1F6DF52C8FBF0400848175 /* OpenDiskTestTests.swift in Sources */,
			);
			runOnlyForDeploymentPostprocessing = 0;
		};
		FE1F6DF62C8FBF0400848175 /* Sources */ = {
			isa = PBXSourcesBuildPhase;
			buildActionMask = 2147483647;
			files = (
				FE1F6DFF2C8FBF0400848175 /* OpenDiskTestUITests.swift in Sources */,
				FE1F6E012C8FBF0400848175 /* OpenDiskTestUITestsLaunchTests.swift in Sources */,
			);
			runOnlyForDeploymentPostprocessing = 0;
		};
/* End PBXSourcesBuildPhase section */

/* Begin PBXTargetDependency section */
		FE1F6DF22C8FBF0300848175 /* PBXTargetDependency */ = {
			isa = PBXTargetDependency;
			target = FE1F6DDE2C8FBF0200848175 /* OpenDiskTest */;
			targetProxy = FE1F6DF12C8FBF0300848175 /* PBXContainerItemProxy */;
		};
		FE1F6DFC2C8FBF0400848175 /* PBXTargetDependency */ = {
			isa = PBXTargetDependency;
			target = FE1F6DDE2C8FBF0200848175 /* OpenDiskTest */;
			targetProxy = FE1F6DFB2C8FBF0400848175 /* PBXContainerItemProxy */;
		};
/* End PBXTargetDependency section */

/* Begin XCBuildConfiguration section */
		FE1F6E022C8FBF0400848175 /* Debug */ = {
			isa = XCBuildConfiguration;
			buildSettings = {
				ALWAYS_SEARCH_USER_PATHS = NO;
				ASSETCATALOG_COMPILER_GENERATE_SWIFT_ASSET_SYMBOL_EXTENSIONS = YES;
				CLANG_ANALYZER_NONNULL = YES;
				CLANG_ANALYZER_NUMBER_OBJECT_CONVERSION = YES_AGGRESSIVE;
				CLANG_CXX_LANGUAGE_STANDARD = "gnu++20";
				CLANG_ENABLE_MODULES = YES;
				CLANG_ENABLE_OBJC_ARC = YES;
				CLANG_ENABLE_OBJC_WEAK = YES;
				CLANG_WARN_BLOCK_CAPTURE_AUTORELEASING = YES;
				CLANG_WARN_BOOL_CONVERSION = YES;
				CLANG_WARN_COMMA = YES;
				CLANG_WARN_CONSTANT_CONVERSION = YES;
				CLANG_WARN_DEPRECATED_OBJC_IMPLEMENTATIONS = YES;
				CLANG_WARN_DIRECT_OBJC_ISA_USAGE = YES_ERROR;
				CLANG_WARN_DOCUMENTATION_COMMENTS = YES;
				CLANG_WARN_EMPTY_BODY = YES;
				CLANG_WARN_ENUM_CONVERSION = YES;
				CLANG_WARN_INFINITE_RECURSION = YES;
				CLANG_WARN_INT_CONVERSION = YES;
				CLANG_WARN_NON_LITERAL_NULL_CONVERSION = YES;
				CLANG_WARN_OBJC_IMPLICIT_RETAIN_SELF = YES;
				CLANG_WARN_OBJC_LITERAL_CONVERSION = YES;
				CLANG_WARN_OBJC_ROOT_CLASS = YES_ERROR;
				CLANG_WARN_QUOTED_INCLUDE_IN_FRAMEWORK_HEADER = YES;
				CLANG_WARN_RANGE_LOOP_ANALYSIS = YES;
				CLANG_WARN_STRICT_PROTOTYPES = YES;
				CLANG_WARN_SUSPICIOUS_MOVE = YES;
				CLANG_WARN_UNGUARDED_AVAILABILITY = YES_AGGRESSIVE;
				CLANG_WARN_UNREACHABLE_CODE = YES;
				CLANG_WARN__DUPLICATE_METHOD_MATCH = YES;
				COPY_PHASE_STRIP = NO;
				DEBUG_INFORMATION_FORMAT = dwarf;
				ENABLE_STRICT_OBJC_MSGSEND = YES;
				ENABLE_TESTABILITY = YES;
				ENABLE_USER_SCRIPT_SANDBOXING = NO;
				GCC_C_LANGUAGE_STANDARD = gnu17;
				GCC_DYNAMIC_NO_PIC = NO;
				GCC_NO_COMMON_BLOCKS = YES;
				GCC_OPTIMIZATION_LEVEL = 0;
				GCC_PREPROCESSOR_DEFINITIONS = (
					"DEBUG=1",
					"$(inherited)",
				);
				GCC_WARN_64_TO_32_BIT_CONVERSION = YES;
				GCC_WARN_ABOUT_RETURN_TYPE = YES_ERROR;
				GCC_WARN_UNDECLARED_SELECTOR = YES;
				GCC_WARN_UNINITIALIZED_AUTOS = YES_AGGRESSIVE;
				GCC_WARN_UNUSED_FUNCTION = YES;
				GCC_WARN_UNUSED_VARIABLE = YES;
				LOCALIZATION_PREFERS_STRING_CATALOGS = YES;
				MACOSX_DEPLOYMENT_TARGET = 14.5;
				MTL_ENABLE_DEBUG_INFO = INCLUDE_SOURCE;
				MTL_FAST_MATH = YES;
				ONLY_ACTIVE_ARCH = YES;
				SDKROOT = macosx;
				SWIFT_ACTIVE_COMPILATION_CONDITIONS = "DEBUG $(inherited)";
				SWIFT_OPTIMIZATION_LEVEL = "-Onone";
			};
			name = Debug;
		};
		FE1F6E032C8FBF0400848175 /* Release */ = {
			isa = XCBuildConfiguration;
			buildSettings = {
				ALWAYS_SEARCH_USER_PATHS = NO;
				ASSETCATALOG_COMPILER_GENERATE_SWIFT_ASSET_SYMBOL_EXTENSIONS = YES;
				CLANG_ANALYZER_NONNULL = YES;
				CLANG_ANALYZER_NUMBER_OBJECT_CONVERSION = YES_AGGRESSIVE;
				CLANG_CXX_LANGUAGE_STANDARD = "gnu++20";
				CLANG_ENABLE_MODULES = YES;
				CLANG_ENABLE_OBJC_ARC = YES;
				CLANG_ENABLE_OBJC_WEAK = YES;
				CLANG_WARN_BLOCK_CAPTURE_AUTORELEASING = YES;
				CLANG_WARN_BOOL_CONVERSION = YES;
				CLANG_WARN_COMMA = YES;
				CLANG_WARN_CONSTANT_CONVERSION = YES;
				CLANG_WARN_DEPRECATED_OBJC_IMPLEMENTATIONS = YES;
				CLANG_WARN_DIRECT_OBJC_ISA_USAGE = YES_ERROR;
				CLANG_WARN_DOCUMENTATION_COMMENTS = YES;
				CLANG_WARN_EMPTY_BODY = YES;
				CLANG_WARN_ENUM_CONVERSION = YES;
				CLANG_WARN_INFINITE_RECURSION = YES;
				CLANG_WARN_INT_CONVERSION = YES;
				CLANG_WARN_NON_LITERAL_NULL_CONVERSION = YES;
				CLANG_WARN_OBJC_IMPLICIT_RETAIN_SELF = YES;
				CLANG_WARN_OBJC_LITERAL_CONVERSION = YES;
				CLANG_WARN_OBJC_ROOT_CLASS = YES_ERROR;
				CLANG_WARN_QUOTED_INCLUDE_IN_FRAMEWORK_HEADER = YES;
				CLANG_WARN_RANGE_LOOP_ANALYSIS = YES;
				CLANG_WARN_STRICT_PROTOTYPES = YES;
				CLANG_WARN_SUSPICIOUS_MOVE = YES;
				CLANG_WARN_UNGUARDED_AVAILABILITY = YES_AGGRESSIVE;
				CLANG_WARN_UNREACHABLE_CODE = YES;
				CLANG_WARN__DUPLICATE_METHOD_MATCH = YES;
				COPY_PHASE_STRIP = NO;
				DEBUG_INFORMATION_FORMAT = "dwarf-with-dsym";
				ENABLE_NS_ASSERTIONS = NO;
				ENABLE_STRICT_OBJC_MSGSEND = YES;
				ENABLE_USER_SCRIPT_SANDBOXING = NO;
				GCC_C_LANGUAGE_STANDARD = gnu17;
				GCC_NO_COMMON_BLOCKS = YES;
				GCC_WARN_64_TO_32_BIT_CONVERSION = YES;
				GCC_WARN_ABOUT_RETURN_TYPE = YES_ERROR;
				GCC_WARN_UNDECLARED_SELECTOR = YES;
				GCC_WARN_UNINITIALIZED_AUTOS = YES_AGGRESSIVE;
				GCC_WARN_UNUSED_FUNCTION = YES;
				GCC_WARN_UNUSED_VARIABLE = YES;
				LOCALIZATION_PREFERS_STRING_CATALOGS = YES;
				MACOSX_DEPLOYMENT_TARGET = 14.5;
				MTL_ENABLE_DEBUG_INFO = NO;
				MTL_FAST_MATH = YES;
				SDKROOT = macosx;
				SWIFT_COMPILATION_MODE = wholemodule;
			};
			name = Release;
		};
		FE1F6E052C8FBF0400848175 /* Debug */ = {
			isa = XCBuildConfiguration;
			buildSettings = {
				ASSETCATALOG_COMPILER_APPICON_NAME = AppIcon;
				ASSETCATALOG_COMPILER_GLOBAL_ACCENT_COLOR_NAME = AccentColor;
				CODE_SIGN_ENTITLEMENTS = OpenDiskTest/OpenDiskTest.entitlements;
				CODE_SIGN_STYLE = Automatic;
				COMBINE_HIDPI_IMAGES = YES;
				CURRENT_PROJECT_VERSION = 1;
				DEVELOPMENT_ASSET_PATHS = "\"OpenDiskTest/Preview Content\"";
				DEVELOPMENT_TEAM = AY429H89ZJ;
				ENABLE_HARDENED_RUNTIME = YES;
				ENABLE_PREVIEWS = YES;
				GENERATE_INFOPLIST_FILE = YES;
				INFOPLIST_FILE = OpenDiskTest/Info.plist;
				INFOPLIST_KEY_NSHumanReadableCopyright = "";
				LD_RUNPATH_SEARCH_PATHS = (
					"$(inherited)",
					"@executable_path/../Frameworks",
				);
				MARKETING_VERSION = 1.0;
				PRODUCT_BUNDLE_IDENTIFIER = com.teslacybrtrk.OpenDiskTest;
				PRODUCT_NAME = "$(TARGET_NAME)";
				SWIFT_EMIT_LOC_STRINGS = YES;
				SWIFT_VERSION = 5.0;
			};
			name = Debug;
		};
		FE1F6E062C8FBF0400848175 /* Release */ = {
			isa = XCBuildConfiguration;
			buildSettings = {
				ASSETCATALOG_COMPILER_APPICON_NAME = AppIcon;
				ASSETCATALOG_COMPILER_GLOBAL_ACCENT_COLOR_NAME = AccentColor;
				CODE_SIGN_ENTITLEMENTS = OpenDiskTest/OpenDiskTest.entitlements;
				CODE_SIGN_STYLE = Automatic;
				COMBINE_HIDPI_IMAGES = YES;
				CURRENT_PROJECT_VERSION = 1;
				DEVELOPMENT_ASSET_PATHS = "\"OpenDiskTest/Preview Content\"";
				DEVELOPMENT_TEAM = AY429H89ZJ;
				ENABLE_HARDENED_RUNTIME = YES;
				ENABLE_PREVIEWS = YES;
				GENERATE_INFOPLIST_FILE = YES;
				INFOPLIST_FILE = OpenDiskTest/Info.plist;
				INFOPLIST_KEY_NSHumanReadableCopyright = "";
				LD_RUNPATH_SEARCH_PATHS = (
					"$(inherited)",
					"@executable_path/../Frameworks",
				);
				MARKETING_VERSION = 1.0;
				PRODUCT_BUNDLE_IDENTIFIER = com.teslacybrtrk.OpenDiskTest;
				PRODUCT_NAME = "$(TARGET_NAME)";
				SWIFT_EMIT_LOC_STRINGS = YES;
				SWIFT_VERSION = 5.0;
			};
			name = Release;
		};
		FE1F6E082C8FBF0400848175 /* Debug */ = {
			isa = XCBuildConfiguration;
			buildSettings = {
				ALWAYS_EMBED_SWIFT_STANDARD_LIBRARIES = YES;
				BUNDLE_LOADER = "$(TEST_HOST)";
				CODE_SIGN_STYLE = Automatic;
				CURRENT_PROJECT_VERSION = 1;
				DEVELOPMENT_TEAM = AY429H89ZJ;
				GENERATE_INFOPLIST_FILE = YES;
				MACOSX_DEPLOYMENT_TARGET = 14.5;
				MARKETING_VERSION = 1.0;
				PRODUCT_BUNDLE_IDENTIFIER = Self.OpenDiskTestTests;
				PRODUCT_NAME = "$(TARGET_NAME)";
				SWIFT_EMIT_LOC_STRINGS = NO;
				SWIFT_VERSION = 5.0;
				TEST_HOST = "$(BUILT_PRODUCTS_DIR)/OpenDiskTest.app/$(BUNDLE_EXECUTABLE_FOLDER_PATH)/OpenDiskTest";
			};
			name = Debug;
		};
		FE1F6E092C8FBF0400848175 /* Release */ = {
			isa = XCBuildConfiguration;
			buildSettings = {
				ALWAYS_EMBED_SWIFT_STANDARD_LIBRARIES = YES;
				BUNDLE_LOADER = "$(TEST_HOST)";
				CODE_SIGN_STYLE = Automatic;
				CURRENT_PROJECT_VERSION = 1;
				DEVELOPMENT_TEAM = AY429H89ZJ;
				GENERATE_INFOPLIST_FILE = YES;
				MACOSX_DEPLOYMENT_TARGET = 14.5;
				MARKETING_VERSION = 1.0;
				PRODUCT_BUNDLE_IDENTIFIER = Self.OpenDiskTestTests;
				PRODUCT_NAME = "$(TARGET_NAME)";
				SWIFT_EMIT_LOC_STRINGS = NO;
				SWIFT_VERSION = 5.0;
				TEST_HOST = "$(BUILT_PRODUCTS_DIR)/OpenDiskTest.app/$(BUNDLE_EXECUTABLE_FOLDER_PATH)/OpenDiskTest";
			};
			name = Release;
		};
		FE1F6E0B2C8FBF0400848175 /* Debug */ = {
			isa = XCBuildConfiguration;
			buildSettings = {
				ALWAYS_EMBED_SWIFT_STANDARD_LIBRARIES = YES;
				CODE_SIGN_STYLE = Automatic;
				CURRENT_PROJECT_VERSION = 1;
				DEVELOPMENT_TEAM = AY429H89ZJ;
				GENERATE_INFOPLIST_FILE = YES;
				MARKETING_VERSION = 1.0;
				PRODUCT_BUNDLE_IDENTIFIER = Self.OpenDiskTestUITests;
				PRODUCT_NAME = "$(TARGET_NAME)";
				SWIFT_EMIT_LOC_STRINGS = NO;
				SWIFT_VERSION = 5.0;
				TEST_TARGET_NAME = OpenDiskTest;
			};
			name = Debug;
		};
		FE1F6E0C2C8FBF0400848175 /* Release */ = {
			isa = XCBuildConfiguration;
			buildSettings = {
				ALWAYS_EMBED_SWIFT_STANDARD_LIBRARIES = YES;
				CODE_SIGN_STYLE = Automatic;
				CURRENT_PROJECT_VERSION = 1;
				DEVELOPMENT_TEAM = AY429H89ZJ;
				GENERATE_INFOPLIST_FILE = YES;
				MARKETING_VERSION = 1.0;
				PRODUCT_BUNDLE_IDENTIFIER = Self.OpenDiskTestUITests;
				PRODUCT_NAME = "$(TARGET_NAME)";
				SWIFT_EMIT_LOC_STRINGS = NO;
				SWIFT_VERSION = 5.0;
				TEST_TARGET_NAME = OpenDiskTest;
			};
			name = Release;
		};
/* End XCBuildConfiguration section */

/* Begin XCConfigurationList section */
		FE1F6DDA2C8FBF0200848175 /* Build configuration list for PBXProject "OpenDiskTest" */ = {
			isa = XCConfigurationList;
			buildConfigurations = (
				FE1F6E022C8FBF0400848175 /* Debug */,
				FE1F6E032C8FBF0400848175 /* Release */,
			);
			defaultConfigurationIsVisible = 0;
			defaultConfigurationName = Release;
		};
		FE1F6E042C8FBF0400848175 /* Build configuration list for PBXNativeTarget "OpenDiskTest" */ = {
			isa = XCConfigurationList;
			buildConfigurations = (
				FE1F6E052C8FBF0400848175 /* Debug */,
				FE1F6E062C8FBF0400848175 /* Release */,
			);
			defaultConfigurationIsVisible = 0;
			defaultConfigurationName = Release;
		};
		FE1F6E072C8FBF0400848175 /* Build configuration list for PBXNativeTarget "OpenDiskTestTests" */ = {
			isa = XCConfigurationList;
			buildConfigurations = (
				FE1F6E082C8FBF0400848175 /* Debug */,
				FE1F6E092C8FBF0400848175 /* Release */,
			);
			defaultConfigurationIsVisible = 0;
			defaultConfigurationName = Release;
		};
		FE1F6E0A2C8FBF0400848175 /* Build configuration list for PBXNativeTarget "OpenDiskTestUITests" */ = {
			isa = XCConfigurationList;
			buildConfigurations = (
				FE1F6E0B2C8FBF0400848175 /* Debug */,
				FE1F6E0C2C8FBF0400848175 /* Release */,
			);
			defaultConfigurationIsVisible = 0;
			defaultConfigurationName = Release;
		};
/* End XCConfigurationList section */
	};
	rootObject = FE1F6DD72C8FBF0200848175 /* Project object */;
}
